
Microsoft Visual Studio Solution File, Format Version 12.00
# Visual Studio Version 16
VisualStudioVersion = 16.0.30413.136
MinimumVisualStudioVersion = 10.0.40219.1
Project("{FAE04EC0-301F-11D3-BF4B-00C04F79EFBC}") = "KUBike_REST", "KUBike_REST\KUBike_REST.csproj", "{7E0B3D41-A243-497F-B07D-9D3942450BE6}"
EndProject
Global
	GlobalSection(SolutionConfigurationPlatforms) = preSolution
		Debug|Any CPU = Debug|Any CPU
		Release|Any CPU = Release|Any CPU
	EndGlobalSection
	GlobalSection(ProjectConfigurationPlatforms) = postSolution
		{7E0B3D41-A243-497F-B07D-9D3942450BE6}.Debug|Any CPU.ActiveCfg = Debug|Any CPU
		{7E0B3D41-A243-497F-B07D-9D3942450BE6}.Debug|Any CPU.Build.0 = Debug|Any CPU
		{7E0B3D41-A243-497F-B07D-9D3942450BE6}.Release|Any CPU.ActiveCfg = Release|Any CPU
		{7E0B3D41-A243-497F-B07D-9D3942450BE6}.Release|Any CPU.Build.0 = Release|Any CPU
	EndGlobalSection
	GlobalSection(SolutionProperties) = preSolution
		HideSolutionNode = FALSE
	EndGlobalSection
	GlobalSection(ExtensibilityGlobals) = postSolution
		SolutionGuid = {BD2B6372-2478-4382-9B5D-EC9AFD4DE97F}
	EndGlobalSection
EndGlobal
